// !$*UTF8*$!
{
	archiveVersion = 1;
	classes = {
	};
	objectVersion = 56;
	objects = {

/* Begin PBXBuildFile section */
		84AE1DDA2A4326F300140304 /* Appylar.xcframework in Frameworks */ = {isa = PBXBuildFile; fileRef = 84AE1DD92A4326F200140304 /* Appylar.xcframework */; };
		84AE1DDB2A4326F300140304 /* Appylar.xcframework in Embed Frameworks */ = {isa = PBXBuildFile; fileRef = 84AE1DD92A4326F200140304 /* Appylar.xcframework */; settings = {ATTRIBUTES = (CodeSignOnCopy, RemoveHeadersOnCopy, ); }; };
		ED7C3B13294C7DE700C54FF0 /* AppDelegate.swift in Sources */ = {isa = PBXBuildFile; fileRef = ED7C3B12294C7DE700C54FF0 /* AppDelegate.swift */; };
		ED7C3B15294C7DE700C54FF0 /* SceneDelegate.swift in Sources */ = {isa = PBXBuildFile; fileRef = ED7C3B14294C7DE700C54FF0 /* SceneDelegate.swift */; };
		ED7C3B17294C7DE700C54FF0 /* ViewController.swift in Sources */ = {isa = PBXBuildFile; fileRef = ED7C3B16294C7DE700C54FF0 /* ViewController.swift */; };
		ED7C3B1A294C7DE700C54FF0 /* Main.storyboard in Resources */ = {isa = PBXBuildFile; fileRef = ED7C3B18294C7DE700C54FF0 /* Main.storyboard */; };
		ED7C3B1D294C7DE700C54FF0 /* Appylar_sdk_example.xcdatamodeld in Sources */ = {isa = PBXBuildFile; fileRef = ED7C3B1B294C7DE700C54FF0 /* Appylar_sdk_example.xcdatamodeld */; };
		ED7C3B1F294C7DEB00C54FF0 /* Assets.xcassets in Resources */ = {isa = PBXBuildFile; fileRef = ED7C3B1E294C7DEB00C54FF0 /* Assets.xcassets */; };
		ED7C3B22294C7DEB00C54FF0 /* LaunchScreen.storyboard in Resources */ = {isa = PBXBuildFile; fileRef = ED7C3B20294C7DEB00C54FF0 /* LaunchScreen.storyboard */; };
/* End PBXBuildFile section */

/* Begin PBXCopyFilesBuildPhase section */
		84AE1DDC2A4326F300140304 /* Embed Frameworks */ = {
			isa = PBXCopyFilesBuildPhase;
			buildActionMask = 2147483647;
			dstPath = "";
			dstSubfolderSpec = 10;
			files = (
				84AE1DDB2A4326F300140304 /* Appylar.xcframework in Embed Frameworks */,
			);
			name = "Embed Frameworks";
			runOnlyForDeploymentPostprocessing = 0;
		};
/* End PBXCopyFilesBuildPhase section */

/* Begin PBXFileReference section */
		849A1CAB2A15FCD800D0D11F /* AdSupport.framework */ = {isa = PBXFileReference; lastKnownFileType = wrapper.framework; name = AdSupport.framework; path = System/Library/Frameworks/AdSupport.framework; sourceTree = SDKROOT; };
		84AE1DD92A4326F200140304 /* Appylar.xcframework */ = {isa = PBXFileReference; lastKnownFileType = wrapper.xcframework; path = Appylar.xcframework; sourceTree = "<group>"; };
		ED7C3B10294C7DE700C54FF0 /* Appylar sdk example.app */ = {isa = PBXFileReference; explicitFileType = wrapper.application; includeInIndex = 0; path = "Appylar sdk example.app"; sourceTree = BUILT_PRODUCTS_DIR; };
		ED7C3B12294C7DE700C54FF0 /* AppDelegate.swift */ = {isa = PBXFileReference; lastKnownFileType = sourcecode.swift; path = AppDelegate.swift; sourceTree = "<group>"; };
		ED7C3B14294C7DE700C54FF0 /* SceneDelegate.swift */ = {isa = PBXFileReference; lastKnownFileType = sourcecode.swift; path = SceneDelegate.swift; sourceTree = "<group>"; };
		ED7C3B16294C7DE700C54FF0 /* ViewController.swift */ = {isa = PBXFileReference; lastKnownFileType = sourcecode.swift; path = ViewController.swift; sourceTree = "<group>"; };
		ED7C3B19294C7DE700C54FF0 /* Base */ = {isa = PBXFileReference; lastKnownFileType = file.storyboard; name = Base; path = Base.lproj/Main.storyboard; sourceTree = "<group>"; };
		ED7C3B1C294C7DE700C54FF0 /* Appylar_sdk_example.xcdatamodel */ = {isa = PBXFileReference; lastKnownFileType = wrapper.xcdatamodel; path = Appylar_sdk_example.xcdatamodel; sourceTree = "<group>"; };
		ED7C3B1E294C7DEB00C54FF0 /* Assets.xcassets */ = {isa = PBXFileReference; lastKnownFileType = folder.assetcatalog; path = Assets.xcassets; sourceTree = "<group>"; };
		ED7C3B21294C7DEB00C54FF0 /* Base */ = {isa = PBXFileReference; lastKnownFileType = file.storyboard; name = Base; path = Base.lproj/LaunchScreen.storyboard; sourceTree = "<group>"; };
		ED7C3B23294C7DEB00C54FF0 /* Info.plist */ = {isa = PBXFileReference; lastKnownFileType = text.plist.xml; path = Info.plist; sourceTree = "<group>"; };
/* End PBXFileReference section */

/* Begin PBXFrameworksBuildPhase section */
		ED7C3B0D294C7DE700C54FF0 /* Frameworks */ = {
			isa = PBXFrameworksBuildPhase;
			buildActionMask = 2147483647;
			files = (
				84AE1DDA2A4326F300140304 /* Appylar.xcframework in Frameworks */,
			);
			runOnlyForDeploymentPostprocessing = 0;
		};
/* End PBXFrameworksBuildPhase section */

/* Begin PBXGroup section */
		ED7C3AE9294C7A5500C54FF0 = {
			isa = PBXGroup;
			children = (
				ED7C3B11294C7DE700C54FF0 /* Appylar sdk example */,
				ED7C3AF4294C7A5500C54FF0 /* Products */,
				ED7C3B29294C800D00C54FF0 /* Frameworks */,
			);
			sourceTree = "<group>";
		};
		ED7C3AF4294C7A5500C54FF0 /* Products */ = {
			isa = PBXGroup;
			children = (
				ED7C3B10294C7DE700C54FF0 /* Appylar sdk example.app */,
			);
			name = Products;
			sourceTree = "<group>";
		};
		ED7C3B11294C7DE700C54FF0 /* Appylar sdk example */ = {
			isa = PBXGroup;
			children = (
				ED7C3B12294C7DE700C54FF0 /* AppDelegate.swift */,
				ED7C3B14294C7DE700C54FF0 /* SceneDelegate.swift */,
				ED7C3B16294C7DE700C54FF0 /* ViewController.swift */,
				ED7C3B18294C7DE700C54FF0 /* Main.storyboard */,
				ED7C3B1E294C7DEB00C54FF0 /* Assets.xcassets */,
				ED7C3B20294C7DEB00C54FF0 /* LaunchScreen.storyboard */,
				ED7C3B23294C7DEB00C54FF0 /* Info.plist */,
				ED7C3B1B294C7DE700C54FF0 /* Appylar_sdk_example.xcdatamodeld */,
			);
			path = "Appylar sdk example";
			sourceTree = "<group>";
		};
		ED7C3B29294C800D00C54FF0 /* Frameworks */ = {
			isa = PBXGroup;
			children = (
				84AE1DD92A4326F200140304 /* Appylar.xcframework */,
				849A1CAB2A15FCD800D0D11F /* AdSupport.framework */,
			);
			name = Frameworks;
			sourceTree = "<group>";
		};
/* End PBXGroup section */

/* Begin PBXNativeTarget section */
		ED7C3B0F294C7DE700C54FF0 /* Appylar sdk example */ = {
			isa = PBXNativeTarget;
			buildConfigurationList = ED7C3B24294C7DEB00C54FF0 /* Build configuration list for PBXNativeTarget "Appylar sdk example" */;
			buildPhases = (
				ED7C3B0C294C7DE700C54FF0 /* Sources */,
				ED7C3B0D294C7DE700C54FF0 /* Frameworks */,
				ED7C3B0E294C7DE700C54FF0 /* Resources */,
				84AE1DDC2A4326F300140304 /* Embed Frameworks */,
			);
			buildRules = (
			);
			dependencies = (
			);
			name = "Appylar sdk example";
			productName = "Appylar sdk example";
			productReference = ED7C3B10294C7DE700C54FF0 /* Appylar sdk example.app */;
			productType = "com.apple.product-type.application";
		};
/* End PBXNativeTarget section */

/* Begin PBXProject section */
		ED7C3AEA294C7A5500C54FF0 /* Project object */ = {
			isa = PBXProject;
			attributes = {
				BuildIndependentTargetsInParallel = 1;
				LastSwiftUpdateCheck = 1400;
				LastUpgradeCheck = 1400;
				TargetAttributes = {
					ED7C3B0F294C7DE700C54FF0 = {
						CreatedOnToolsVersion = 14.0.1;
					};
				};
			};
			buildConfigurationList = ED7C3AED294C7A5500C54FF0 /* Build configuration list for PBXProject "Appylar SDK iOS" */;
			compatibilityVersion = "Xcode 14.0";
			developmentRegion = en;
			hasScannedForEncodings = 0;
			knownRegions = (
				en,
				Base,
			);
			mainGroup = ED7C3AE9294C7A5500C54FF0;
			productRefGroup = ED7C3AF4294C7A5500C54FF0 /* Products */;
			projectDirPath = "";
			projectRoot = "";
			targets = (
				ED7C3B0F294C7DE700C54FF0 /* Appylar sdk example */,
			);
		};
/* End PBXProject section */

/* Begin PBXResourcesBuildPhase section */
		ED7C3B0E294C7DE700C54FF0 /* Resources */ = {
			isa = PBXResourcesBuildPhase;
			buildActionMask = 2147483647;
			files = (
				ED7C3B22294C7DEB00C54FF0 /* LaunchScreen.storyboard in Resources */,
				ED7C3B1F294C7DEB00C54FF0 /* Assets.xcassets in Resources */,
				ED7C3B1A294C7DE700C54FF0 /* Main.storyboard in Resources */,
			);
			runOnlyForDeploymentPostprocessing = 0;
		};
/* End PBXResourcesBuildPhase section */

/* Begin PBXSourcesBuildPhase section */
		ED7C3B0C294C7DE700C54FF0 /* Sources */ = {
			isa = PBXSourcesBuildPhase;
			buildActionMask = 2147483647;
			files = (
				ED7C3B17294C7DE700C54FF0 /* ViewController.swift in Sources */,
				ED7C3B13294C7DE700C54FF0 /* AppDelegate.swift in Sources */,
				ED7C3B1D294C7DE700C54FF0 /* Appylar_sdk_example.xcdatamodeld in Sources */,
				ED7C3B15294C7DE700C54FF0 /* SceneDelegate.swift in Sources */,
			);
			runOnlyForDeploymentPostprocessing = 0;
		};
/* End PBXSourcesBuildPhase section */

/* Begin PBXVariantGroup section */
		ED7C3B18294C7DE700C54FF0 /* Main.storyboard */ = {
			isa = PBXVariantGroup;
			children = (
				ED7C3B19294C7DE700C54FF0 /* Base */,
			);
			name = Main.storyboard;
			sourceTree = "<group>";
		};
		ED7C3B20294C7DEB00C54FF0 /* LaunchScreen.storyboard */ = {
			isa = PBXVariantGroup;
			children = (
				ED7C3B21294C7DEB00C54FF0 /* Base */,
			);
			name = LaunchScreen.storyboard;
			sourceTree = "<group>";
		};
/* End PBXVariantGroup section */

/* Begin XCBuildConfiguration section */
		ED7C3AFA294C7A5500C54FF0 /* Debug */ = {
			isa = XCBuildConfiguration;
			buildSettings = {
				ALWAYS_SEARCH_USER_PATHS = NO;
				CLANG_ANALYZER_NONNULL = YES;
				CLANG_ANALYZER_NUMBER_OBJECT_CONVERSION = YES_AGGRESSIVE;
				CLANG_CXX_LANGUAGE_STANDARD = "gnu++20";
				CLANG_ENABLE_MODULES = YES;
				CLANG_ENABLE_OBJC_ARC = YES;
				CLANG_ENABLE_OBJC_WEAK = YES;
				CLANG_WARN_BLOCK_CAPTURE_AUTORELEASING = YES;
				CLANG_WARN_BOOL_CONVERSION = YES;
				CLANG_WARN_COMMA = YES;
				CLANG_WARN_CONSTANT_CONVERSION = YES;
				CLANG_WARN_DEPRECATED_OBJC_IMPLEMENTATIONS = YES;
				CLANG_WARN_DIRECT_OBJC_ISA_USAGE = YES_ERROR;
				CLANG_WARN_DOCUMENTATION_COMMENTS = YES;
				CLANG_WARN_EMPTY_BODY = YES;
				CLANG_WARN_ENUM_CONVERSION = YES;
				CLANG_WARN_INFINITE_RECURSION = YES;
				CLANG_WARN_INT_CONVERSION = YES;
				CLANG_WARN_NON_LITERAL_NULL_CONVERSION = YES;
				CLANG_WARN_OBJC_IMPLICIT_RETAIN_SELF = YES;
				CLANG_WARN_OBJC_LITERAL_CONVERSION = YES;
				CLANG_WARN_OBJC_ROOT_CLASS = YES_ERROR;
				CLANG_WARN_QUOTED_INCLUDE_IN_FRAMEWORK_HEADER = YES;
				CLANG_WARN_RANGE_LOOP_ANALYSIS = YES;
				CLANG_WARN_STRICT_PROTOTYPES = YES;
				CLANG_WARN_SUSPICIOUS_MOVE = YES;
				CLANG_WARN_UNGUARDED_AVAILABILITY = YES_AGGRESSIVE;
				CLANG_WARN_UNREACHABLE_CODE = YES;
				CLANG_WARN__DUPLICATE_METHOD_MATCH = YES;
				COPY_PHASE_STRIP = NO;
				CURRENT_PROJECT_VERSION = 1;
				DEBUG_INFORMATION_FORMAT = dwarf;
				ENABLE_STRICT_OBJC_MSGSEND = YES;
				ENABLE_TESTABILITY = YES;
				GCC_C_LANGUAGE_STANDARD = gnu11;
				GCC_DYNAMIC_NO_PIC = NO;
				GCC_NO_COMMON_BLOCKS = YES;
				GCC_OPTIMIZATION_LEVEL = 0;
				GCC_PREPROCESSOR_DEFINITIONS = (
					"DEBUG=1",
					"$(inherited)",
				);
				GCC_WARN_64_TO_32_BIT_CONVERSION = YES;
				GCC_WARN_ABOUT_RETURN_TYPE = YES_ERROR;
				GCC_WARN_UNDECLARED_SELECTOR = YES;
				GCC_WARN_UNINITIALIZED_AUTOS = YES_AGGRESSIVE;
				GCC_WARN_UNUSED_FUNCTION = YES;
				GCC_WARN_UNUSED_VARIABLE = YES;
				IPHONEOS_DEPLOYMENT_TARGET = 16.0;
				MTL_ENABLE_DEBUG_INFO = INCLUDE_SOURCE;
				MTL_FAST_MATH = YES;
				ONLY_ACTIVE_ARCH = YES;
				SDKROOT = iphoneos;
				SWIFT_ACTIVE_COMPILATION_CONDITIONS = DEBUG;
				SWIFT_OPTIMIZATION_LEVEL = "-Onone";
				VERSIONING_SYSTEM = "apple-generic";
				VERSION_INFO_PREFIX = "";
			};
			name = Debug;
		};
		ED7C3AFB294C7A5500C54FF0 /* Release */ = {
			isa = XCBuildConfiguration;
			buildSettings = {
				ALWAYS_SEARCH_USER_PATHS = NO;
				CLANG_ANALYZER_NONNULL = YES;
				CLANG_ANALYZER_NUMBER_OBJECT_CONVERSION = YES_AGGRESSIVE;
				CLANG_CXX_LANGUAGE_STANDARD = "gnu++20";
				CLANG_ENABLE_MODULES = YES;
				CLANG_ENABLE_OBJC_ARC = YES;
				CLANG_ENABLE_OBJC_WEAK = YES;
				CLANG_WARN_BLOCK_CAPTURE_AUTORELEASING = YES;
				CLANG_WARN_BOOL_CONVERSION = YES;
				CLANG_WARN_COMMA = YES;
				CLANG_WARN_CONSTANT_CONVERSION = YES;
				CLANG_WARN_DEPRECATED_OBJC_IMPLEMENTATIONS = YES;
				CLANG_WARN_DIRECT_OBJC_ISA_USAGE = YES_ERROR;
				CLANG_WARN_DOCUMENTATION_COMMENTS = YES;
				CLANG_WARN_EMPTY_BODY = YES;
				CLANG_WARN_ENUM_CONVERSION = YES;
				CLANG_WARN_INFINITE_RECURSION = YES;
				CLANG_WARN_INT_CONVERSION = YES;
				CLANG_WARN_NON_LITERAL_NULL_CONVERSION = YES;
				CLANG_WARN_OBJC_IMPLICIT_RETAIN_SELF = YES;
				CLANG_WARN_OBJC_LITERAL_CONVERSION = YES;
				CLANG_WARN_OBJC_ROOT_CLASS = YES_ERROR;
				CLANG_WARN_QUOTED_INCLUDE_IN_FRAMEWORK_HEADER = YES;
				CLANG_WARN_RANGE_LOOP_ANALYSIS = YES;
				CLANG_WARN_STRICT_PROTOTYPES = YES;
				CLANG_WARN_SUSPICIOUS_MOVE = YES;
				CLANG_WARN_UNGUARDED_AVAILABILITY = YES_AGGRESSIVE;
				CLANG_WARN_UNREACHABLE_CODE = YES;
				CLANG_WARN__DUPLICATE_METHOD_MATCH = YES;
				COPY_PHASE_STRIP = NO;
				CURRENT_PROJECT_VERSION = 1;
				DEBUG_INFORMATION_FORMAT = "dwarf-with-dsym";
				ENABLE_NS_ASSERTIONS = NO;
				ENABLE_STRICT_OBJC_MSGSEND = YES;
				GCC_C_LANGUAGE_STANDARD = gnu11;
				GCC_NO_COMMON_BLOCKS = YES;
				GCC_WARN_64_TO_32_BIT_CONVERSION = YES;
				GCC_WARN_ABOUT_RETURN_TYPE = YES_ERROR;
				GCC_WARN_UNDECLARED_SELECTOR = YES;
				GCC_WARN_UNINITIALIZED_AUTOS = YES_AGGRESSIVE;
				GCC_WARN_UNUSED_FUNCTION = YES;
				GCC_WARN_UNUSED_VARIABLE = YES;
				IPHONEOS_DEPLOYMENT_TARGET = 16.0;
				MTL_ENABLE_DEBUG_INFO = NO;
				MTL_FAST_MATH = YES;
				SDKROOT = iphoneos;
				SWIFT_COMPILATION_MODE = wholemodule;
				SWIFT_OPTIMIZATION_LEVEL = "-O";
				VALIDATE_PRODUCT = YES;
				VERSIONING_SYSTEM = "apple-generic";
				VERSION_INFO_PREFIX = "";
			};
			name = Release;
		};
		ED7C3B25294C7DEB00C54FF0 /* Debug */ = {
			isa = XCBuildConfiguration;
			buildSettings = {
				ASSETCATALOG_COMPILER_APPICON_NAME = AppIcon;
				ASSETCATALOG_COMPILER_GLOBAL_ACCENT_COLOR_NAME = AccentColor;
				BUILD_LIBRARY_FOR_DISTRIBUTION = YES;
				CODE_SIGN_STYLE = Automatic;
				CURRENT_PROJECT_VERSION = 1;
				DEVELOPMENT_TEAM = AU5FFN8K99;
				FRAMEWORK_SEARCH_PATHS = (
					"$(inherited)",
					"$(PROJECT_DIR)/Appylar.xcframework/ios-arm64",
					"$(PROJECT_DIR)",
				);
				GENERATE_INFOPLIST_FILE = YES;
				INFOPLIST_FILE = "Appylar sdk example/Info.plist";
				INFOPLIST_KEY_UIApplicationSupportsIndirectInputEvents = YES;
				INFOPLIST_KEY_UILaunchStoryboardName = LaunchScreen;
				INFOPLIST_KEY_UIMainStoryboardFile = Main;
				INFOPLIST_KEY_UIRequiresFullScreen = YES;
				INFOPLIST_KEY_UISupportedInterfaceOrientations_iPad = "UIInterfaceOrientationPortrait UIInterfaceOrientationPortraitUpsideDown UIInterfaceOrientationLandscapeLeft UIInterfaceOrientationLandscapeRight";
				INFOPLIST_KEY_UISupportedInterfaceOrientations_iPhone = "UIInterfaceOrientationPortrait UIInterfaceOrientationLandscapeLeft UIInterfaceOrientationLandscapeRight";
				IPHONEOS_DEPLOYMENT_TARGET = 13.0;
				LD_RUNPATH_SEARCH_PATHS = (
					"$(inherited)",
					"@executable_path/Frameworks",
				);
				MARKETING_VERSION = 1.0.0;
				PRODUCT_BUNDLE_IDENTIFIER = com.appylar.io;
				PRODUCT_NAME = "$(TARGET_NAME)";
				SWIFT_EMIT_LOC_STRINGS = YES;
				SWIFT_VERSION = 5.0;
				TARGETED_DEVICE_FAMILY = "1,2";
			};
			name = Debug;
		};
		ED7C3B26294C7DEB00C54FF0 /* Release */ = {
			isa = XCBuildConfiguration;
			buildSettings = {
				ASSETCATALOG_COMPILER_APPICON_NAME = AppIcon;
				ASSETCATALOG_COMPILER_GLOBAL_ACCENT_COLOR_NAME = AccentColor;
				BUILD_LIBRARY_FOR_DISTRIBUTION = YES;
				CODE_SIGN_STYLE = Automatic;
				CURRENT_PROJECT_VERSION = 1;
				DEVELOPMENT_TEAM = AU5FFN8K99;
				FRAMEWORK_SEARCH_PATHS = (
					"$(inherited)",
					"$(PROJECT_DIR)/Appylar.xcframework/ios-arm64",
					"$(PROJECT_DIR)",
				);
				GENERATE_INFOPLIST_FILE = YES;
				INFOPLIST_FILE = "Appylar sdk example/Info.plist";
				INFOPLIST_KEY_UIApplicationSupportsIndirectInputEvents = YES;
				INFOPLIST_KEY_UILaunchStoryboardName = LaunchScreen;
				INFOPLIST_KEY_UIMainStoryboardFile = Main;
				INFOPLIST_KEY_UIRequiresFullScreen = YES;
				INFOPLIST_KEY_UISupportedInterfaceOrientations_iPad = "UIInterfaceOrientationPortrait UIInterfaceOrientationPortraitUpsideDown UIInterfaceOrientationLandscapeLeft UIInterfaceOrientationLandscapeRight";
				INFOPLIST_KEY_UISupportedInterfaceOrientations_iPhone = "UIInterfaceOrientationPortrait UIInterfaceOrientationLandscapeLeft UIInterfaceOrientationLandscapeRight";
				IPHONEOS_DEPLOYMENT_TARGET = 13.0;
				LD_RUNPATH_SEARCH_PATHS = (
					"$(inherited)",
					"@executable_path/Frameworks",
				);
				MARKETING_VERSION = 1.0.0;
				PRODUCT_BUNDLE_IDENTIFIER = com.appylar.io;
				PRODUCT_NAME = "$(TARGET_NAME)";
				SWIFT_EMIT_LOC_STRINGS = YES;
				SWIFT_VERSION = 5.0;
				TARGETED_DEVICE_FAMILY = "1,2";
			};
			name = Release;
		};
/* End XCBuildConfiguration section */

/* Begin XCConfigurationList section */
		ED7C3AED294C7A5500C54FF0 /* Build configuration list for PBXProject "Appylar SDK iOS" */ = {
			isa = XCConfigurationList;
			buildConfigurations = (
				ED7C3AFA294C7A5500C54FF0 /* Debug */,
				ED7C3AFB294C7A5500C54FF0 /* Release */,
			);
			defaultConfigurationIsVisible = 0;
			defaultConfigurationName = Release;
		};
		ED7C3B24294C7DEB00C54FF0 /* Build configuration list for PBXNativeTarget "Appylar sdk example" */ = {
			isa = XCConfigurationList;
			buildConfigurations = (
				ED7C3B25294C7DEB00C54FF0 /* Debug */,
				ED7C3B26294C7DEB00C54FF0 /* Release */,
			);
			defaultConfigurationIsVisible = 0;
			defaultConfigurationName = Release;
		};
/* End XCConfigurationList section */

/* Begin XCVersionGroup section */
		ED7C3B1B294C7DE700C54FF0 /* Appylar_sdk_example.xcdatamodeld */ = {
			isa = XCVersionGroup;
			children = (
				ED7C3B1C294C7DE700C54FF0 /* Appylar_sdk_example.xcdatamodel */,
			);
			currentVersion = ED7C3B1C294C7DE700C54FF0 /* Appylar_sdk_example.xcdatamodel */;
			path = Appylar_sdk_example.xcdatamodeld;
			sourceTree = "<group>";
			versionGroupType = wrapper.xcdatamodel;
		};
/* End XCVersionGroup section */
	};
	rootObject = ED7C3AEA294C7A5500C54FF0 /* Project object */;
}
